
Microsoft Visual Studio Solution File, Format Version 12.00
# Visual Studio 2012
Project("{FAE04EC0-301F-11D3-BF4B-00C04F79EFBC}") = "HazelTestClient", "HazelTestClient\HazelTestClient.csproj", "{CBF3E47C-7289-482D-98F9-09D022931AB1}"
EndProject
Project("{FAE04EC0-301F-11D3-BF4B-00C04F79EFBC}") = "HazelTestServer", "HazelTestServer\HazelTestServer.csproj", "{C5AFE88C-E74A-4DEB-A13A-2B7A2E0697C8}"
EndProject
Project("{FAE04EC0-301F-11D3-BF4B-00C04F79EFBC}") = "HazelTestSuperServer", "HazelTestSuperServer\HazelTestSuperServer.csproj", "{CA3A8115-7333-439C-AB6C-8D2A314517AF}"
EndProject
Project("{FAE04EC0-301F-11D3-BF4B-00C04F79EFBC}") = "HazelTestSuperClient", "HazelTestSuperClient\HazelTestSuperClient.csproj", "{701D8B7A-D660-4893-8E11-318F68A907CA}"
EndProject
Project("{FAE04EC0-301F-11D3-BF4B-00C04F79EFBC}") = "HazelUDPTestClient", "HazelUDPTestClient\HazelUDPTestClient.csproj", "{7ADFC41C-89B8-4520-9335-4EE97AF4E89D}"
EndProject
Project("{FAE04EC0-301F-11D3-BF4B-00C04F79EFBC}") = "HazelUDPTestServer", "HazelUDPTestServer\HazelUDPTestServer.csproj", "{0E90FFF4-077F-4BF4-AD5C-078C915654B0}"
EndProject
Project("{FAE04EC0-301F-11D3-BF4B-00C04F79EFBC}") = "HazelUDPTestSuperServer", "HazelUDPTestSuperServer\HazelUDPTestSuperServer.csproj", "{6E2D1F72-724C-437E-BED5-A5E3F23D8239}"
EndProject
Project("{FAE04EC0-301F-11D3-BF4B-00C04F79EFBC}") = "HazelUDPTestSuperStressServer", "HazelUDPTestSuperStressServer\HazelUDPTestSuperStressServer.csproj", "{DD1C85AA-914B-4A4F-A2D0-04DDDA0B9329}"
EndProject
Global
	GlobalSection(SolutionConfigurationPlatforms) = preSolution
		Debug|x86 = Debug|x86
		Release|x86 = Release|x86
	EndGlobalSection
	GlobalSection(ProjectConfigurationPlatforms) = postSolution
		{CBF3E47C-7289-482D-98F9-09D022931AB1}.Debug|x86.ActiveCfg = Debug|x86
		{CBF3E47C-7289-482D-98F9-09D022931AB1}.Debug|x86.Build.0 = Debug|x86
		{CBF3E47C-7289-482D-98F9-09D022931AB1}.Release|x86.ActiveCfg = Release|x86
		{CBF3E47C-7289-482D-98F9-09D022931AB1}.Release|x86.Build.0 = Release|x86
		{C5AFE88C-E74A-4DEB-A13A-2B7A2E0697C8}.Debug|x86.ActiveCfg = Debug|x86
		{C5AFE88C-E74A-4DEB-A13A-2B7A2E0697C8}.Debug|x86.Build.0 = Debug|x86
		{C5AFE88C-E74A-4DEB-A13A-2B7A2E0697C8}.Release|x86.ActiveCfg = Release|x86
		{C5AFE88C-E74A-4DEB-A13A-2B7A2E0697C8}.Release|x86.Build.0 = Release|x86
		{CA3A8115-7333-439C-AB6C-8D2A314517AF}.Debug|x86.ActiveCfg = Debug|x86
		{CA3A8115-7333-439C-AB6C-8D2A314517AF}.Debug|x86.Build.0 = Debug|x86
		{CA3A8115-7333-439C-AB6C-8D2A314517AF}.Release|x86.ActiveCfg = Release|x86
		{CA3A8115-7333-439C-AB6C-8D2A314517AF}.Release|x86.Build.0 = Release|x86
		{701D8B7A-D660-4893-8E11-318F68A907CA}.Debug|x86.ActiveCfg = Debug|x86
		{701D8B7A-D660-4893-8E11-318F68A907CA}.Debug|x86.Build.0 = Debug|x86
		{701D8B7A-D660-4893-8E11-318F68A907CA}.Release|x86.ActiveCfg = Release|x86
		{701D8B7A-D660-4893-8E11-318F68A907CA}.Release|x86.Build.0 = Release|x86
		{7ADFC41C-89B8-4520-9335-4EE97AF4E89D}.Debug|x86.ActiveCfg = Debug|x86
		{7ADFC41C-89B8-4520-9335-4EE97AF4E89D}.Debug|x86.Build.0 = Debug|x86
		{7ADFC41C-89B8-4520-9335-4EE97AF4E89D}.Release|x86.ActiveCfg = Release|x86
		{7ADFC41C-89B8-4520-9335-4EE97AF4E89D}.Release|x86.Build.0 = Release|x86
		{0E90FFF4-077F-4BF4-AD5C-078C915654B0}.Debug|x86.ActiveCfg = Debug|x86
		{0E90FFF4-077F-4BF4-AD5C-078C915654B0}.Debug|x86.Build.0 = Debug|x86
		{0E90FFF4-077F-4BF4-AD5C-078C915654B0}.Release|x86.ActiveCfg = Release|x86
		{0E90FFF4-077F-4BF4-AD5C-078C915654B0}.Release|x86.Build.0 = Release|x86
		{6E2D1F72-724C-437E-BED5-A5E3F23D8239}.Debug|x86.ActiveCfg = Debug|x86
		{6E2D1F72-724C-437E-BED5-A5E3F23D8239}.Debug|x86.Build.0 = Debug|x86
		{6E2D1F72-724C-437E-BED5-A5E3F23D8239}.Release|x86.ActiveCfg = Release|x86
		{6E2D1F72-724C-437E-BED5-A5E3F23D8239}.Release|x86.Build.0 = Release|x86
		{DD1C85AA-914B-4A4F-A2D0-04DDDA0B9329}.Debug|x86.ActiveCfg = Debug|x86
		{DD1C85AA-914B-4A4F-A2D0-04DDDA0B9329}.Debug|x86.Build.0 = Debug|x86
		{DD1C85AA-914B-4A4F-A2D0-04DDDA0B9329}.Release|x86.ActiveCfg = Release|x86
		{DD1C85AA-914B-4A4F-A2D0-04DDDA0B9329}.Release|x86.Build.0 = Release|x86
	EndGlobalSection
EndGlobal
